
Microsoft Visual Studio Solution File, Format Version 12.00
# Visual Studio Version 17
VisualStudioVersion = 17.3.32804.467
MinimumVisualStudioVersion = 10.0.40219.1
Project("{9A19103F-16F7-4668-BE54-9A1E7A4F7556}") = "StoreWeb_Server", "StoreWeb_Server\StoreWeb_Server.csproj", "{1FBCD85B-57B0-4F3E-8CEE-FAA246A394A3}"
EndProject
Project("{9A19103F-16F7-4668-BE54-9A1E7A4F7556}") = "StoreWeb.Client", "StoreWeb.Client\StoreWeb.Client.csproj", "{76AA8D17-C6ED-43A6-B87D-FCDDDB5EA3D8}"
EndProject
Global
	GlobalSection(SolutionConfigurationPlatforms) = preSolution
		Debug|Any CPU = Debug|Any CPU
		Release|Any CPU = Release|Any CPU
	EndGlobalSection
	GlobalSection(ProjectConfigurationPlatforms) = postSolution
		{1FBCD85B-57B0-4F3E-8CEE-FAA246A394A3}.Debug|Any CPU.ActiveCfg = Debug|Any CPU
		{1FBCD85B-57B0-4F3E-8CEE-FAA246A394A3}.Debug|Any CPU.Build.0 = Debug|Any CPU
		{1FBCD85B-57B0-4F3E-8CEE-FAA246A394A3}.Release|Any CPU.ActiveCfg = Release|Any CPU
		{1FBCD85B-57B0-4F3E-8CEE-FAA246A394A3}.Release|Any CPU.Build.0 = Release|Any CPU
		{76AA8D17-C6ED-43A6-B87D-FCDDDB5EA3D8}.Debug|Any CPU.ActiveCfg = Debug|Any CPU
		{76AA8D17-C6ED-43A6-B87D-FCDDDB5EA3D8}.Debug|Any CPU.Build.0 = Debug|Any CPU
		{76AA8D17-C6ED-43A6-B87D-FCDDDB5EA3D8}.Release|Any CPU.ActiveCfg = Release|Any CPU
		{76AA8D17-C6ED-43A6-B87D-FCDDDB5EA3D8}.Release|Any CPU.Build.0 = Release|Any CPU
	EndGlobalSection
	GlobalSection(SolutionProperties) = preSolution
		HideSolutionNode = FALSE
	EndGlobalSection
	GlobalSection(ExtensibilityGlobals) = postSolution
		SolutionGuid = {969B5A08-6949-464A-A3DD-3A689A34B695}
	EndGlobalSection
EndGlobal
